// !$*UTF8*$!
{
	archiveVersion = 1;
	classes = {
	};
	objectVersion = 77;
	objects = {

/* Begin PBXBuildFile section */
		C68DACB42D1FEAD7001AAEDB /* AppDelegate.swift in Sources */ = {isa = PBXBuildFile; fileRef = C68DACAA2D1FEAD7001AAEDB /* AppDelegate.swift */; };
		C68DACB52D1FEAD7001AAEDB /* SceneDelegate.swift in Sources */ = {isa = PBXBuildFile; fileRef = C68DACB12D1FEAD7001AAEDB /* SceneDelegate.swift */; };
		C68DACB62D1FEAD7001AAEDB /* ViewController.swift in Sources */ = {isa = PBXBuildFile; fileRef = C68DACB22D1FEAD7001AAEDB /* ViewController.swift */; };
		C68DACB72D1FEAD7001AAEDB /* Assets.xcassets in Resources */ = {isa = PBXBuildFile; fileRef = C68DACAB2D1FEAD7001AAEDB /* Assets.xcassets */; };
		C68DACB92D1FEAD7001AAEDB /* LaunchScreen.storyboard in Resources */ = {isa = PBXBuildFile; fileRef = C68DACAE2D1FEAD7001AAEDB /* LaunchScreen.storyboard */; };
		C68DACBA2D1FEAD7001AAEDB /* Main.storyboard in Resources */ = {isa = PBXBuildFile; fileRef = C68DACB02D1FEAD7001AAEDB /* Main.storyboard */; };
		C68DACBC2D1FEAE2001AAEDB /* MertController.swift in Sources */ = {isa = PBXBuildFile; fileRef = C68DACBB2D1FEAE2001AAEDB /* MertController.swift */; };
/* End PBXBuildFile section */

/* Begin PBXFileReference section */
		448CDFAE2D18282E0045E32B /* YZL-3402.app */ = {isa = PBXFileReference; explicitFileType = wrapper.application; includeInIndex = 0; path = "YZL-3402.app"; sourceTree = BUILT_PRODUCTS_DIR; };
		C68DACAA2D1FEAD7001AAEDB /* AppDelegate.swift */ = {isa = PBXFileReference; lastKnownFileType = sourcecode.swift; path = AppDelegate.swift; sourceTree = "<group>"; };
		C68DACAB2D1FEAD7001AAEDB /* Assets.xcassets */ = {isa = PBXFileReference; lastKnownFileType = folder.assetcatalog; path = Assets.xcassets; sourceTree = "<group>"; };
		C68DACAC2D1FEAD7001AAEDB /* Info.plist */ = {isa = PBXFileReference; lastKnownFileType = text.plist.xml; path = Info.plist; sourceTree = "<group>"; };
		C68DACAD2D1FEAD7001AAEDB /* Base */ = {isa = PBXFileReference; lastKnownFileType = file.storyboard; name = Base; path = Base.lproj/LaunchScreen.storyboard; sourceTree = "<group>"; };
		C68DACAF2D1FEAD7001AAEDB /* Base */ = {isa = PBXFileReference; lastKnownFileType = file.storyboard; name = Base; path = Base.lproj/Main.storyboard; sourceTree = "<group>"; };
		C68DACB12D1FEAD7001AAEDB /* SceneDelegate.swift */ = {isa = PBXFileReference; lastKnownFileType = sourcecode.swift; path = SceneDelegate.swift; sourceTree = "<group>"; };
		C68DACB22D1FEAD7001AAEDB /* ViewController.swift */ = {isa = PBXFileReference; lastKnownFileType = sourcecode.swift; path = ViewController.swift; sourceTree = "<group>"; };
		C68DACBB2D1FEAE2001AAEDB /* MertController.swift */ = {isa = PBXFileReference; lastKnownFileType = sourcecode.swift; path = MertController.swift; sourceTree = "<group>"; };
/* End PBXFileReference section */

/* Begin PBXFrameworksBuildPhase section */
		448CDFAB2D18282E0045E32B /* Frameworks */ = {
			isa = PBXFrameworksBuildPhase;
			buildActionMask = 2147483647;
			files = (
			);
			runOnlyForDeploymentPostprocessing = 0;
		};
/* End PBXFrameworksBuildPhase section */

/* Begin PBXGroup section */
		448CDFA52D18282E0045E32B = {
			isa = PBXGroup;
			children = (
				C68DACB32D1FEAD7001AAEDB /* YZL-3402 */,
				448CDFAF2D18282E0045E32B /* Products */,
			);
			sourceTree = "<group>";
		};
		448CDFAF2D18282E0045E32B /* Products */ = {
			isa = PBXGroup;
			children = (
				448CDFAE2D18282E0045E32B /* YZL-3402.app */,
			);
			name = Products;
			sourceTree = "<group>";
		};
		C68DACB32D1FEAD7001AAEDB /* YZL-3402 */ = {
			isa = PBXGroup;
			children = (
				C68DACAA2D1FEAD7001AAEDB /* AppDelegate.swift */,
				C68DACAB2D1FEAD7001AAEDB /* Assets.xcassets */,
				C68DACAC2D1FEAD7001AAEDB /* Info.plist */,
				C68DACAE2D1FEAD7001AAEDB /* LaunchScreen.storyboard */,
				C68DACB02D1FEAD7001AAEDB /* Main.storyboard */,
				C68DACB12D1FEAD7001AAEDB /* SceneDelegate.swift */,
				C68DACB22D1FEAD7001AAEDB /* ViewController.swift */,
				C68DACBB2D1FEAE2001AAEDB /* MertController.swift */,
			);
			path = "YZL-3402";
			sourceTree = "<group>";
		};
/* End PBXGroup section */

/* Begin PBXNativeTarget section */
		448CDFAD2D18282E0045E32B /* YZL-3402 */ = {
			isa = PBXNativeTarget;
			buildConfigurationList = 448CDFC12D18282F0045E32B /* Build configuration list for PBXNativeTarget "YZL-3402" */;
			buildPhases = (
				448CDFAA2D18282E0045E32B /* Sources */,
				448CDFAB2D18282E0045E32B /* Frameworks */,
				448CDFAC2D18282E0045E32B /* Resources */,
			);
			buildRules = (
			);
			dependencies = (
			);
			name = "YZL-3402";
			packageProductDependencies = (
			);
			productName = "YZL-3402";
			productReference = 448CDFAE2D18282E0045E32B /* YZL-3402.app */;
			productType = "com.apple.product-type.application";
		};
/* End PBXNativeTarget section */

/* Begin PBXProject section */
		448CDFA62D18282E0045E32B /* Project object */ = {
			isa = PBXProject;
			attributes = {
				BuildIndependentTargetsInParallel = 1;
				LastSwiftUpdateCheck = 1620;
				LastUpgradeCheck = 1620;
				TargetAttributes = {
					448CDFAD2D18282E0045E32B = {
						CreatedOnToolsVersion = 16.2;
					};
				};
			};
			buildConfigurationList = 448CDFA92D18282E0045E32B /* Build configuration list for PBXProject "YZL-3402" */;
			developmentRegion = en;
			hasScannedForEncodings = 0;
			knownRegions = (
				en,
				Base,
			);
			mainGroup = 448CDFA52D18282E0045E32B;
			minimizedProjectReferenceProxies = 1;
			preferredProjectObjectVersion = 77;
			productRefGroup = 448CDFAF2D18282E0045E32B /* Products */;
			projectDirPath = "";
			projectRoot = "";
			targets = (
				448CDFAD2D18282E0045E32B /* YZL-3402 */,
			);
		};
/* End PBXProject section */

/* Begin PBXResourcesBuildPhase section */
		448CDFAC2D18282E0045E32B /* Resources */ = {
			isa = PBXResourcesBuildPhase;
			buildActionMask = 2147483647;
			files = (
				C68DACB72D1FEAD7001AAEDB /* Assets.xcassets in Resources */,
				C68DACB92D1FEAD7001AAEDB /* LaunchScreen.storyboard in Resources */,
				C68DACBA2D1FEAD7001AAEDB /* Main.storyboard in Resources */,
			);
			runOnlyForDeploymentPostprocessing = 0;
		};
/* End PBXResourcesBuildPhase section */

/* Begin PBXSourcesBuildPhase section */
		448CDFAA2D18282E0045E32B /* Sources */ = {
			isa = PBXSourcesBuildPhase;
			buildActionMask = 2147483647;
			files = (
				C68DACB42D1FEAD7001AAEDB /* AppDelegate.swift in Sources */,
				C68DACB52D1FEAD7001AAEDB /* SceneDelegate.swift in Sources */,
				C68DACB62D1FEAD7001AAEDB /* ViewController.swift in Sources */,
				C68DACBC2D1FEAE2001AAEDB /* MertController.swift in Sources */,
			);
			runOnlyForDeploymentPostprocessing = 0;
		};
/* End PBXSourcesBuildPhase section */

/* Begin PBXVariantGroup section */
		C68DACAE2D1FEAD7001AAEDB /* LaunchScreen.storyboard */ = {
			isa = PBXVariantGroup;
			children = (
				C68DACAD2D1FEAD7001AAEDB /* Base */,
			);
			name = LaunchScreen.storyboard;
			sourceTree = "<group>";
		};
		C68DACB02D1FEAD7001AAEDB /* Main.storyboard */ = {
			isa = PBXVariantGroup;
			children = (
				C68DACAF2D1FEAD7001AAEDB /* Base */,
			);
			name = Main.storyboard;
			sourceTree = "<group>";
		};
/* End PBXVariantGroup section */

/* Begin XCBuildConfiguration section */
		448CDFC22D18282F0045E32B /* Debug */ = {
			isa = XCBuildConfiguration;
			buildSettings = {
				ASSETCATALOG_COMPILER_APPICON_NAME = AppIcon;
				ASSETCATALOG_COMPILER_GLOBAL_ACCENT_COLOR_NAME = AccentColor;
				CODE_SIGN_STYLE = Automatic;
				CURRENT_PROJECT_VERSION = 1;
				DEVELOPMENT_TEAM = QVP779A4Y7;
				GENERATE_INFOPLIST_FILE = YES;
				INFOPLIST_FILE = "YZL-3402/Info.plist";
				INFOPLIST_KEY_UIApplicationSupportsIndirectInputEvents = YES;
				INFOPLIST_KEY_UILaunchStoryboardName = LaunchScreen;
				INFOPLIST_KEY_UIMainStoryboardFile = Main;
				INFOPLIST_KEY_UISupportedInterfaceOrientations_iPad = "UIInterfaceOrientationPortrait UIInterfaceOrientationPortraitUpsideDown UIInterfaceOrientationLandscapeLeft UIInterfaceOrientationLandscapeRight";
				INFOPLIST_KEY_UISupportedInterfaceOrientations_iPhone = "UIInterfaceOrientationPortrait UIInterfaceOrientationLandscapeLeft UIInterfaceOrientationLandscapeRight";
				LD_RUNPATH_SEARCH_PATHS = (
					"$(inherited)",
					"@executable_path/Frameworks",
				);
				MARKETING_VERSION = 1.0;
				PRODUCT_BUNDLE_IDENTIFIER = "YZL-3402.YZL-3402";
				PRODUCT_NAME = "$(TARGET_NAME)";
				SWIFT_EMIT_LOC_STRINGS = YES;
				SWIFT_VERSION = 5.0;
				TARGETED_DEVICE_FAMILY = "1,2";
			};
			name = Debug;
		};
		448CDFC32D18282F0045E32B /* Release */ = {
			isa = XCBuildConfiguration;
			buildSettings = {
				ASSETCATALOG_COMPILER_APPICON_NAME = AppIcon;
				ASSETCATALOG_COMPILER_GLOBAL_ACCENT_COLOR_NAME = AccentColor;
				CODE_SIGN_STYLE = Automatic;
				CURRENT_PROJECT_VERSION = 1;
				DEVELOPMENT_TEAM = QVP779A4Y7;
				GENERATE_INFOPLIST_FILE = YES;
				INFOPLIST_FILE = "YZL-3402/Info.plist";
				INFOPLIST_KEY_UIApplicationSupportsIndirectInputEvents = YES;
				INFOPLIST_KEY_UILaunchStoryboardName = LaunchScreen;
				INFOPLIST_KEY_UIMainStoryboardFile = Main;
				INFOPLIST_KEY_UISupportedInterfaceOrientations_iPad = "UIInterfaceOrientationPortrait UIInterfaceOrientationPortraitUpsideDown UIInterfaceOrientationLandscapeLeft UIInterfaceOrientationLandscapeRight";
				INFOPLIST_KEY_UISupportedInterfaceOrientations_iPhone = "UIInterfaceOrientationPortrait UIInterfaceOrientationLandscapeLeft UIInterfaceOrientationLandscapeRight";
				LD_RUNPATH_SEARCH_PATHS = (
					"$(inherited)",
					"@executable_path/Frameworks",
				);
				MARKETING_VERSION = 1.0;
				PRODUCT_BUNDLE_IDENTIFIER = "YZL-3402.YZL-3402";
				PRODUCT_NAME = "$(TARGET_NAME)";
				SWIFT_EMIT_LOC_STRINGS = YES;
				SWIFT_VERSION = 5.0;
				TARGETED_DEVICE_FAMILY = "1,2";
			};
			name = Release;
		};
		448CDFC42D18282F0045E32B /* Debug */ = {
			isa = XCBuildConfiguration;
			buildSettings = {
				ALWAYS_SEARCH_USER_PATHS = NO;
				ASSETCATALOG_COMPILER_GENERATE_SWIFT_ASSET_SYMBOL_EXTENSIONS = YES;
				CLANG_ANALYZER_NONNULL = YES;
				CLANG_ANALYZER_NUMBER_OBJECT_CONVERSION = YES_AGGRESSIVE;
				CLANG_CXX_LANGUAGE_STANDARD = "gnu++20";
				CLANG_ENABLE_MODULES = YES;
				CLANG_ENABLE_OBJC_ARC = YES;
				CLANG_ENABLE_OBJC_WEAK = YES;
				CLANG_WARN_BLOCK_CAPTURE_AUTORELEASING = YES;
				CLANG_WARN_BOOL_CONVERSION = YES;
				CLANG_WARN_COMMA = YES;
				CLANG_WARN_CONSTANT_CONVERSION = YES;
				CLANG_WARN_DEPRECATED_OBJC_IMPLEMENTATIONS = YES;
				CLANG_WARN_DIRECT_OBJC_ISA_USAGE = YES_ERROR;
				CLANG_WARN_DOCUMENTATION_COMMENTS = YES;
				CLANG_WARN_EMPTY_BODY = YES;
				CLANG_WARN_ENUM_CONVERSION = YES;
				CLANG_WARN_INFINITE_RECURSION = YES;
				CLANG_WARN_INT_CONVERSION = YES;
				CLANG_WARN_NON_LITERAL_NULL_CONVERSION = YES;
				CLANG_WARN_OBJC_IMPLICIT_RETAIN_SELF = YES;
				CLANG_WARN_OBJC_LITERAL_CONVERSION = YES;
				CLANG_WARN_OBJC_ROOT_CLASS = YES_ERROR;
				CLANG_WARN_QUOTED_INCLUDE_IN_FRAMEWORK_HEADER = YES;
				CLANG_WARN_RANGE_LOOP_ANALYSIS = YES;
				CLANG_WARN_STRICT_PROTOTYPES = YES;
				CLANG_WARN_SUSPICIOUS_MOVE = YES;
				CLANG_WARN_UNGUARDED_AVAILABILITY = YES_AGGRESSIVE;
				CLANG_WARN_UNREACHABLE_CODE = YES;
				CLANG_WARN__DUPLICATE_METHOD_MATCH = YES;
				COPY_PHASE_STRIP = NO;
				DEBUG_INFORMATION_FORMAT = dwarf;
				ENABLE_STRICT_OBJC_MSGSEND = YES;
				ENABLE_TESTABILITY = YES;
				ENABLE_USER_SCRIPT_SANDBOXING = YES;
				GCC_C_LANGUAGE_STANDARD = gnu17;
				GCC_DYNAMIC_NO_PIC = NO;
				GCC_NO_COMMON_BLOCKS = YES;
				GCC_OPTIMIZATION_LEVEL = 0;
				GCC_PREPROCESSOR_DEFINITIONS = (
					"DEBUG=1",
					"$(inherited)",
				);
				GCC_WARN_64_TO_32_BIT_CONVERSION = YES;
				GCC_WARN_ABOUT_RETURN_TYPE = YES_ERROR;
				GCC_WARN_UNDECLARED_SELECTOR = YES;
				GCC_WARN_UNINITIALIZED_AUTOS = YES_AGGRESSIVE;
				GCC_WARN_UNUSED_FUNCTION = YES;
				GCC_WARN_UNUSED_VARIABLE = YES;
				IPHONEOS_DEPLOYMENT_TARGET = 18.2;
				LOCALIZATION_PREFERS_STRING_CATALOGS = YES;
				MTL_ENABLE_DEBUG_INFO = INCLUDE_SOURCE;
				MTL_FAST_MATH = YES;
				ONLY_ACTIVE_ARCH = YES;
				SDKROOT = iphoneos;
				SWIFT_ACTIVE_COMPILATION_CONDITIONS = "DEBUG $(inherited)";
				SWIFT_OPTIMIZATION_LEVEL = "-Onone";
			};
			name = Debug;
		};
		448CDFC52D18282F0045E32B /* Release */ = {
			isa = XCBuildConfiguration;
			buildSettings = {
				ALWAYS_SEARCH_USER_PATHS = NO;
				ASSETCATALOG_COMPILER_GENERATE_SWIFT_ASSET_SYMBOL_EXTENSIONS = YES;
				CLANG_ANALYZER_NONNULL = YES;
				CLANG_ANALYZER_NUMBER_OBJECT_CONVERSION = YES_AGGRESSIVE;
				CLANG_CXX_LANGUAGE_STANDARD = "gnu++20";
				CLANG_ENABLE_MODULES = YES;
				CLANG_ENABLE_OBJC_ARC = YES;
				CLANG_ENABLE_OBJC_WEAK = YES;
				CLANG_WARN_BLOCK_CAPTURE_AUTORELEASING = YES;
				CLANG_WARN_BOOL_CONVERSION = YES;
				CLANG_WARN_COMMA = YES;
				CLANG_WARN_CONSTANT_CONVERSION = YES;
				CLANG_WARN_DEPRECATED_OBJC_IMPLEMENTATIONS = YES;
				CLANG_WARN_DIRECT_OBJC_ISA_USAGE = YES_ERROR;
				CLANG_WARN_DOCUMENTATION_COMMENTS = YES;
				CLANG_WARN_EMPTY_BODY = YES;
				CLANG_WARN_ENUM_CONVERSION = YES;
				CLANG_WARN_INFINITE_RECURSION = YES;
				CLANG_WARN_INT_CONVERSION = YES;
				CLANG_WARN_NON_LITERAL_NULL_CONVERSION = YES;
				CLANG_WARN_OBJC_IMPLICIT_RETAIN_SELF = YES;
				CLANG_WARN_OBJC_LITERAL_CONVERSION = YES;
				CLANG_WARN_OBJC_ROOT_CLASS = YES_ERROR;
				CLANG_WARN_QUOTED_INCLUDE_IN_FRAMEWORK_HEADER = YES;
				CLANG_WARN_RANGE_LOOP_ANALYSIS = YES;
				CLANG_WARN_STRICT_PROTOTYPES = YES;
				CLANG_WARN_SUSPICIOUS_MOVE = YES;
				CLANG_WARN_UNGUARDED_AVAILABILITY = YES_AGGRESSIVE;
				CLANG_WARN_UNREACHABLE_CODE = YES;
				CLANG_WARN__DUPLICATE_METHOD_MATCH = YES;
				COPY_PHASE_STRIP = NO;
				DEBUG_INFORMATION_FORMAT = "dwarf-with-dsym";
				ENABLE_NS_ASSERTIONS = NO;
				ENABLE_STRICT_OBJC_MSGSEND = YES;
				ENABLE_USER_SCRIPT_SANDBOXING = YES;
				GCC_C_LANGUAGE_STANDARD = gnu17;
				GCC_NO_COMMON_BLOCKS = YES;
				GCC_WARN_64_TO_32_BIT_CONVERSION = YES;
				GCC_WARN_ABOUT_RETURN_TYPE = YES_ERROR;
				GCC_WARN_UNDECLARED_SELECTOR = YES;
				GCC_WARN_UNINITIALIZED_AUTOS = YES_AGGRESSIVE;
				GCC_WARN_UNUSED_FUNCTION = YES;
				GCC_WARN_UNUSED_VARIABLE = YES;
				IPHONEOS_DEPLOYMENT_TARGET = 18.2;
				LOCALIZATION_PREFERS_STRING_CATALOGS = YES;
				MTL_ENABLE_DEBUG_INFO = NO;
				MTL_FAST_MATH = YES;
				SDKROOT = iphoneos;
				SWIFT_COMPILATION_MODE = wholemodule;
				VALIDATE_PRODUCT = YES;
			};
			name = Release;
		};
/* End XCBuildConfiguration section */

/* Begin XCConfigurationList section */
		448CDFA92D18282E0045E32B /* Build configuration list for PBXProject "YZL-3402" */ = {
			isa = XCConfigurationList;
			buildConfigurations = (
				448CDFC42D18282F0045E32B /* Debug */,
				448CDFC52D18282F0045E32B /* Release */,
			);
			defaultConfigurationIsVisible = 0;
			defaultConfigurationName = Release;
		};
		448CDFC12D18282F0045E32B /* Build configuration list for PBXNativeTarget "YZL-3402" */ = {
			isa = XCConfigurationList;
			buildConfigurations = (
				448CDFC22D18282F0045E32B /* Debug */,
				448CDFC32D18282F0045E32B /* Release */,
			);
			defaultConfigurationIsVisible = 0;
			defaultConfigurationName = Release;
		};
/* End XCConfigurationList section */
	};
	rootObject = 448CDFA62D18282E0045E32B /* Project object */;
}
